# THIS IS AN AUTOGENERATED FILE. DO NOT EDIT THIS FILE DIRECTLY.
# yarn lockfile v1


ansi-styles@^3.0.0:
  version "3.0.0"
  resolved "https://registry.yarnpkg.com/ansi-styles/-/ansi-styles-3.0.0.tgz#5404e93a544c4fec7f048262977bebfe3155e0c1"
  dependencies:
    color-convert "^1.0.0"

babel-runtime@^6.23.0:
  version "6.23.0"
  resolved "https://registry.yarnpkg.com/babel-runtime/-/babel-runtime-6.23.0.tgz#0a9489f144de70efb3ce4300accdb329e2fc543b"
  dependencies:
    core-js "^2.4.0"
    regenerator-runtime "^0.10.0"

color-convert@^1.0.0:
  version "1.9.0"
  resolved "https://registry.yarnpkg.com/color-convert/-/color-convert-1.9.0.tgz#1accf97dd739b983bf994d56fec8f95853641b7a"
  dependencies:
    color-name "^1.1.1"

color-name@^1.1.1:
  version "1.1.2"
  resolved "https://registry.yarnpkg.com/color-name/-/color-name-1.1.2.tgz#5c8ab72b64bd2215d617ae9559ebb148475cf98d"

core-js@^2.4.0:
  version "2.4.1"
  resolved "https://registry.yarnpkg.com/core-js/-/core-js-2.4.1.tgz#4de911e667b0eae9124e34254b53aea6fc618d3e"

lodash@^4.14.2, lodash@^4.15.0:
  version "4.17.4"
  resolved "https://registry.yarnpkg.com/lodash/-/lodash-4.17.4.tgz#78203a4d1c328ae1d86dca6460e369b57f4055ae"

minim-api-description@^0.3.0:
  version "0.3.0"
  resolved "https://registry.yarnpkg.com/minim-api-description/-/minim-api-description-0.3.0.tgz#8ae326e0eddfc613e4d88e81c5dafc16171ba5cf"
  dependencies:
    babel-runtime "^6.23.0"

minim-parse-result@^0.4.0:
  version "0.4.0"
  resolved "https://registry.yarnpkg.com/minim-parse-result/-/minim-parse-result-0.4.0.tgz#0ac7317116aaec82051903806c9f6dbbe06535e3"
  dependencies:
    babel-runtime "^6.23.0"
    minim-api-description "^0.3.0"

minim@^0.15.0:
  version "0.15.0"
  resolved "https://registry.yarnpkg.com/minim/-/minim-0.15.0.tgz#9046e0ef6c6415322fa2d9dd73088d0676c0e816"
  dependencies:
    lodash "^4.15.0"
    uptown "^0.4.1"

pretty-format@^19.0.0:
  version "19.0.0"
  resolved "https://registry.yarnpkg.com/pretty-format/-/pretty-format-19.0.0.tgz#56530d32acb98a3fa4851c4e2b9d37b420684c84"
  dependencies:
    ansi-styles "^3.0.0"

regenerator-runtime@^0.10.0:
  version "0.10.5"
  resolved "https://registry.yarnpkg.com/regenerator-runtime/-/regenerator-runtime-0.10.5.tgz#336c3efc1220adcedda2c9fab67b5a7955a33658"

uptown@^0.4.1:
  version "0.4.1"
  resolved "https://registry.yarnpkg.com/uptown/-/uptown-0.4.1.tgz#2aa732b75c05c34432373498e2b419fbd9cd5452"
  dependencies:
    lodash "^4.14.2"
